<?xml version="1.0" encoding="utf-8"?>
<Project ToolsVersion="4.0" xmlns="http://schemas.microsoft.com/developer/msbuild/2003">
  <ItemGroup>
    <Filter Include="Source Files">
      <UniqueIdentifier>{4FC737F1-C7A5-4376-A066-2A32D752A2FF}</UniqueIdentifier>
      <Extensions>cpp;c;cc;cxx;c++;cppm;ixx;def;odl;idl;hpj;bat;asm;asmx</Extensions>
    </Filter>
    <Filter Include="Header Files">
      <UniqueIdentifier>{93995380-89BD-4b04-88EB-625FBE52EBFB}</UniqueIdentifier>
      <Extensions>h;hh;hpp;hxx;h++;hm;inl;inc;ipp;xsd</Extensions>
    </Filter>
    <Filter Include="Resource Files">
      <UniqueIdentifier>{67DA6AB6-F800-4c08-8B7A-83BB121AAD01}</UniqueIdentifier>
      <Extensions>rc;ico;cur;bmp;dlg;rc2;rct;bin;rgs;gif;jpg;jpeg;jpe;resx;tiff;tif;png;wav;mfcribbon-ms</Extensions>
    </Filter>
    <Filter Include="Source Files\Users">
      <UniqueIdentifier>{1f49bdb0-b3b2-4c13-ac13-f0c69d2edfdd}</UniqueIdentifier>
    </Filter>
    <Filter Include="Header Files\Users">
      <UniqueIdentifier>{74a29b6c-f287-4d81-8a29-4488e408e31f}</UniqueIdentifier>
    </Filter>
  </ItemGroup>
  <ItemGroup>
    <ClCompile Include="..\..\..\Client_Interfata\Client_Interfata\Admin.cpp">
      <Filter>Source Files\Users</Filter>
    </ClCompile>
    <ClCompile Include="..\..\..\Client_Interfata\Client_Interfata\FactoryUser.cpp">
      <Filter>Source Files\Users</Filter>
    </ClCompile>
    <ClCompile Include="..\..\..\Client_Interfata\Client_Interfata\User.cpp">
      <Filter>Source Files\Users</Filter>
    </ClCompile>
    <ClCompile Include="..\..\..\Client_Interfata\Client_Interfata\Client.cpp">
      <Filter>Source Files</Filter>
    </ClCompile>
    <ClCompile Include="..\..\..\Client_Interfata\Client_Interfata\Parser.cpp">
      <Filter>Source Files</Filter>
    </ClCompile>
    <ClCompile Include="..\..\..\Client_Interfata\Client_Interfata\Source.cpp">
      <Filter>Source Files</Filter>
    </ClCompile>
  </ItemGroup>
  <ItemGroup>
    <ClInclude Include="..\..\..\Client_Interfata\Client_Interfata\Admin.h">
      <Filter>Header Files\Users</Filter>
    </ClInclude>
    <ClInclude Include="..\..\..\Client_Interfata\Client_Interfata\FactoryUser.h">
      <Filter>Header Files\Users</Filter>
    </ClInclude>
    <ClInclude Include="..\..\..\Client_Interfata\Client_Interfata\IUser.h">
      <Filter>Header Files\Users</Filter>
    </ClInclude>
    <ClInclude Include="..\..\..\Client_Interfata\Client_Interfata\User.h">
      <Filter>Header Files\Users</Filter>
    </ClInclude>
    <ClInclude Include="..\..\..\Client_Interfata\Client_Interfata\Client.h">
      <Filter>Header Files</Filter>
    </ClInclude>
    <ClInclude Include="..\..\..\Client_Interfata\Client_Interfata\Parser.h">
      <Filter>Header Files</Filter>
    </ClInclude>
  </ItemGroup>
</Project>