<?xml version="1.0" encoding="utf-8"?>
<Project ToolsVersion="4.0" xmlns="http://schemas.microsoft.com/developer/msbuild/2003">
  <ItemGroup>
    <Filter Include="Source Files">
      <UniqueIdentifier>{4FC737F1-C7A5-4376-A066-2A32D752A2FF}</UniqueIdentifier>
      <Extensions>cpp;c;cc;cxx;c++;cppm;ixx;def;odl;idl;hpj;bat;asm;asmx</Extensions>
    </Filter>
    <Filter Include="Header Files">
      <UniqueIdentifier>{93995380-89BD-4b04-88EB-625FBE52EBFB}</UniqueIdentifier>
      <Extensions>h;hh;hpp;hxx;h++;hm;inl;inc;ipp;xsd</Extensions>
    </Filter>
    <Filter Include="Resource Files">
      <UniqueIdentifier>{67DA6AB6-F800-4c08-8B7A-83BB121AAD01}</UniqueIdentifier>
      <Extensions>rc;ico;cur;bmp;dlg;rc2;rct;bin;rgs;gif;jpg;jpeg;jpe;resx;tiff;tif;png;wav;mfcribbon-ms</Extensions>
    </Filter>
    <Filter Include="Header Files\Game">
      <UniqueIdentifier>{22e921f2-ee5e-412c-b890-671d05b0ecfa}</UniqueIdentifier>
    </Filter>
    <Filter Include="Header Files\XMLParser">
      <UniqueIdentifier>{f435816d-c900-48f7-a20b-e03767043900}</UniqueIdentifier>
    </Filter>
    <Filter Include="Header Files\Utilities">
      <UniqueIdentifier>{4b9cdd1c-20da-485e-a4e4-c491e9430549}</UniqueIdentifier>
    </Filter>
    <Filter Include="Source Files\Game">
      <UniqueIdentifier>{cfca7dc4-f84b-4353-b647-f3f9c65f2189}</UniqueIdentifier>
    </Filter>
    <Filter Include="Source Files\XMLParser">
      <UniqueIdentifier>{2d5ac59c-eb5a-490d-b54d-3f724597d72c}</UniqueIdentifier>
    </Filter>
    <Filter Include="Source Files\Utilities">
      <UniqueIdentifier>{3e7f4e06-501e-4019-a7e3-b247dafcc98c}</UniqueIdentifier>
    </Filter>
  </ItemGroup>
  <ItemGroup>
    <ClCompile Include="..\..\Bomber\Online\AnimatedSprite.cpp">
      <Filter>Source Files\Game</Filter>
    </ClCompile>
    <ClCompile Include="..\..\Bomber\Online\GameObjectClient.cpp">
      <Filter>Source Files\Game</Filter>
    </ClCompile>
    <ClCompile Include="..\..\Bomber\Online\Level.cpp">
      <Filter>Source Files\Game</Filter>
    </ClCompile>
    <ClCompile Include="main.cpp">
      <Filter>Source Files\Game</Filter>
    </ClCompile>
    <ClCompile Include="..\..\Bomber\Online\NetworkHandler.cpp">
      <Filter>Source Files\Game</Filter>
    </ClCompile>
    <ClCompile Include="..\..\Bomber\Online\PlayerClient.cpp">
      <Filter>Source Files\Game</Filter>
    </ClCompile>
    <ClCompile Include="..\..\Bomber\Online\Base64.cpp">
      <Filter>Source Files\XMLParser</Filter>
    </ClCompile>
    <ClCompile Include="..\..\Bomber\Online\tinystr.cpp">
      <Filter>Source Files\XMLParser</Filter>
    </ClCompile>
    <ClCompile Include="..\..\Bomber\Online\tinyxml.cpp">
      <Filter>Source Files\XMLParser</Filter>
    </ClCompile>
    <ClCompile Include="..\..\Bomber\Online\tinyxmlerror.cpp">
      <Filter>Source Files\XMLParser</Filter>
    </ClCompile>
    <ClCompile Include="..\..\Bomber\Online\tinyxmlparser.cpp">
      <Filter>Source Files\XMLParser</Filter>
    </ClCompile>
    <ClCompile Include="..\..\Bomber\Online\XMLParser.cpp">
      <Filter>Source Files\XMLParser</Filter>
    </ClCompile>
    <ClCompile Include="..\..\Bomber\Online\Box.cpp">
      <Filter>Source Files\Utilities</Filter>
    </ClCompile>
    <ClCompile Include="..\..\Bomber\Online\GameObject.cpp">
      <Filter>Source Files\Utilities</Filter>
    </ClCompile>
    <ClCompile Include="..\..\Bomber\Online\Player.cpp">
      <Filter>Source Files\Utilities</Filter>
    </ClCompile>
    <ClCompile Include="..\..\Bomber\Online\Resources.cpp">
      <Filter>Source Files\Utilities</Filter>
    </ClCompile>
    <ClCompile Include="..\..\Bomber\Online\Texture.cpp">
      <Filter>Source Files\Utilities</Filter>
    </ClCompile>
    <ClCompile Include="..\..\Bomber\Online\Timer.cpp">
      <Filter>Source Files\Utilities</Filter>
    </ClCompile>
    <ClCompile Include="..\..\Bomber\Online\Utilities.cpp">
      <Filter>Source Files\Utilities</Filter>
    </ClCompile>
    <ClCompile Include="..\SFML-64\include\SFML\Network\Packet.cpp">
      <Filter>Source Files\Utilities</Filter>
    </ClCompile>
  </ItemGroup>
  <ItemGroup>
    <ClInclude Include="..\..\Bomber\Online\AnimatedSprite.h">
      <Filter>Header Files\Game</Filter>
    </ClInclude>
    <ClInclude Include="..\..\Bomber\Online\GameObjectClient.h">
      <Filter>Header Files\Game</Filter>
    </ClInclude>
    <ClInclude Include="..\..\Bomber\Online\Level.h">
      <Filter>Header Files\Game</Filter>
    </ClInclude>
    <ClInclude Include="..\..\Bomber\Online\NetworkHandler.h">
      <Filter>Header Files\Game</Filter>
    </ClInclude>
    <ClInclude Include="..\..\Bomber\Online\PlayerClient.h">
      <Filter>Header Files\Game</Filter>
    </ClInclude>
    <ClInclude Include="..\..\Bomber\Online\Base64.h">
      <Filter>Header Files\XMLParser</Filter>
    </ClInclude>
    <ClInclude Include="..\..\Bomber\Online\tinystr.h">
      <Filter>Header Files\XMLParser</Filter>
    </ClInclude>
    <ClInclude Include="..\..\Bomber\Online\tinyxml.h">
      <Filter>Header Files\XMLParser</Filter>
    </ClInclude>
    <ClInclude Include="..\..\Bomber\Online\XMLParser.h">
      <Filter>Header Files\XMLParser</Filter>
    </ClInclude>
    <ClInclude Include="..\..\Bomber\Online\Box.h">
      <Filter>Header Files\Utilities</Filter>
    </ClInclude>
    <ClInclude Include="..\..\Bomber\Online\CollidableTile.h">
      <Filter>Header Files\Utilities</Filter>
    </ClInclude>
    <ClInclude Include="..\..\Bomber\Online\Direction.h">
      <Filter>Header Files\Utilities</Filter>
    </ClInclude>
    <ClInclude Include="..\..\Bomber\Online\FrameDetails.h">
      <Filter>Header Files\Utilities</Filter>
    </ClInclude>
    <ClInclude Include="..\..\Bomber\Online\GameObject.h">
      <Filter>Header Files\Utilities</Filter>
    </ClInclude>
    <ClInclude Include="..\..\Bomber\Online\NonCopyable.h">
      <Filter>Header Files\Utilities</Filter>
    </ClInclude>
    <ClInclude Include="..\..\Bomber\Online\Player.h">
      <Filter>Header Files\Utilities</Filter>
    </ClInclude>
    <ClInclude Include="..\..\Bomber\Online\PlayerControllerType.h">
      <Filter>Header Files\Utilities</Filter>
    </ClInclude>
    <ClInclude Include="..\..\Bomber\Online\Resources.h">
      <Filter>Header Files\Utilities</Filter>
    </ClInclude>
    <ClInclude Include="..\..\Bomber\Online\ServerMessages.h">
      <Filter>Header Files\Utilities</Filter>
    </ClInclude>
    <ClInclude Include="..\..\Bomber\Online\ServerMessageType.h">
      <Filter>Header Files\Utilities</Filter>
    </ClInclude>
    <ClInclude Include="..\..\Bomber\Online\Texture.h">
      <Filter>Header Files\Utilities</Filter>
    </ClInclude>
    <ClInclude Include="..\..\Bomber\Online\TileLayer.h">
      <Filter>Header Files\Utilities</Filter>
    </ClInclude>
    <ClInclude Include="..\..\Bomber\Online\Timer.h">
      <Filter>Header Files\Utilities</Filter>
    </ClInclude>
    <ClInclude Include="..\..\Bomber\Online\Utilities.h">
      <Filter>Header Files\Utilities</Filter>
    </ClInclude>
    <ClInclude Include="..\SFML-64\include\SFML\Network\Packet.hpp">
      <Filter>Header Files\Utilities</Filter>
    </ClInclude>
  </ItemGroup>
</Project>