<?xml version="1.0" encoding="utf-8"?>
<Project xmlns="http://schemas.microsoft.com/developer/msbuild/2003">
  <ItemGroup>
    <Filter Include="Generated Files">
      <UniqueIdentifier>{71ED8ED8-ACB9-4CE9-BBE1-E00B30144E11}</UniqueIdentifier>
      <Extensions>cpp;c;cxx;moc;h;def;odl;idl;res;</Extensions>
    </Filter>
    <Filter Include="Generated Files">
      <UniqueIdentifier>{71ED8ED8-ACB9-4CE9-BBE1-E00B30144E11}</UniqueIdentifier>
      <Extensions>cpp;c;cxx;moc;h;def;odl;idl;res;</Extensions>
    </Filter>
    <Filter Include="Header Files">
      <UniqueIdentifier>{93995380-89BD-4b04-88EB-625FBE52EBFB}</UniqueIdentifier>
      <Extensions>h;hpp;hxx;hm;inl;inc;xsd</Extensions>
    </Filter>
    <Filter Include="Header Files">
      <UniqueIdentifier>{93995380-89BD-4b04-88EB-625FBE52EBFB}</UniqueIdentifier>
      <Extensions>h;hpp;hxx;hm;inl;inc;xsd</Extensions>
    </Filter>
    <Filter Include="Resource Files">
      <UniqueIdentifier>{D9D6E242-F8AF-46E4-B9FD-80ECBC20BA3E}</UniqueIdentifier>
      <Extensions>qrc;*</Extensions>
      <ParseFiles>false</ParseFiles>
    </Filter>
    <Filter Include="Resource Files">
      <UniqueIdentifier>{D9D6E242-F8AF-46E4-B9FD-80ECBC20BA3E}</UniqueIdentifier>
      <Extensions>qrc;*</Extensions>
      <ParseFiles>false</ParseFiles>
    </Filter>
    <Filter Include="Source Files">
      <UniqueIdentifier>{4FC737F1-C7A5-4376-A066-2A32D752A2FF}</UniqueIdentifier>
      <Extensions>cpp;c;cxx;def;odl;idl;hpj;bat;asm;asmx</Extensions>
    </Filter>
    <Filter Include="Source Files">
      <UniqueIdentifier>{4FC737F1-C7A5-4376-A066-2A32D752A2FF}</UniqueIdentifier>
      <Extensions>cpp;c;cxx;def;odl;idl;hpj;bat;asm;asmx</Extensions>
    </Filter>
  </ItemGroup>
  <ItemGroup>
    <ClCompile Include="bomb.cpp">
      <Filter>Source Files</Filter>
    </ClCompile>
    <ClCompile Include="bombpowerup.cpp">
      <Filter>Source Files</Filter>
    </ClCompile>
    <ClCompile Include="destroyableblock.cpp">
      <Filter>Source Files</Filter>
    </ClCompile>
    <ClCompile Include="explosion.cpp">
      <Filter>Source Files</Filter>
    </ClCompile>
    <ClCompile Include="explosionpowerup.cpp">
      <Filter>Source Files</Filter>
    </ClCompile>
    <ClCompile Include="field.cpp">
      <Filter>Source Files</Filter>
    </ClCompile>
    <ClCompile Include="healthpowerup.cpp">
      <Filter>Source Files</Filter>
    </ClCompile>
    <ClCompile Include="main.cpp">
      <Filter>Source Files</Filter>
    </ClCompile>
    <ClCompile Include="mainwindow.cpp">
      <Filter>Source Files</Filter>
    </ClCompile>
    <ClCompile Include="player.cpp">
      <Filter>Source Files</Filter>
    </ClCompile>
    <ClCompile Include="undestroyableblock.cpp">
      <Filter>Source Files</Filter>
    </ClCompile>
  </ItemGroup>
  <ItemGroup>
    <ClInclude Include="block.h">
      <Filter>Header Files</Filter>
    </ClInclude>
    <QtMoc Include="bomb.h">
      <Filter>Header Files</Filter>
    </QtMoc>
    <ClInclude Include="bombpowerup.h">
      <Filter>Header Files</Filter>
    </ClInclude>
    <ClInclude Include="destroyableblock.h">
      <Filter>Header Files</Filter>
    </ClInclude>
    <ClInclude Include="explosion.h">
      <Filter>Header Files</Filter>
    </ClInclude>
    <ClInclude Include="explosionpowerup.h">
      <Filter>Header Files</Filter>
    </ClInclude>
    <QtMoc Include="field.h">
      <Filter>Header Files</Filter>
    </QtMoc>
    <ClInclude Include="healthpowerup.h">
      <Filter>Header Files</Filter>
    </ClInclude>
    <QtMoc Include="mainwindow.h">
      <Filter>Header Files</Filter>
    </QtMoc>
    <QtMoc Include="player.h">
      <Filter>Header Files</Filter>
    </QtMoc>
    <ClInclude Include="powerup.h">
      <Filter>Header Files</Filter>
    </ClInclude>
    <ClInclude Include="settings.h">
      <Filter>Header Files</Filter>
    </ClInclude>
    <ClInclude Include="undestroyableblock.h">
      <Filter>Header Files</Filter>
    </ClInclude>
  </ItemGroup>
  <ItemGroup>
    
    
    
    
    
    
    
    
    <CustomBuild Include="debug\moc_predefs.h.cbt">
      <Filter>Generated Files</Filter>
    </CustomBuild>
    <CustomBuild Include="release\moc_predefs.h.cbt">
      <Filter>Generated Files</Filter>
    </CustomBuild>
    
    
  </ItemGroup>
  <ItemGroup>
    <None Include="img\bomb.png">
      <Filter>Resource Files</Filter>
    </None>
    <None Include="img\bombPowerUp.png">
      <Filter>Resource Files</Filter>
    </None>
    <None Include="img\destroyableBlock.png">
      <Filter>Resource Files</Filter>
    </None>
    <None Include="img\explosionPowerUp.png">
      <Filter>Resource Files</Filter>
    </None>
    <None Include="img\field.png">
      <Filter>Resource Files</Filter>
    </None>
    <None Include="img\fire.png">
      <Filter>Resource Files</Filter>
    </None>
    <None Include="img\healthPowerUp.png">
      <Filter>Resource Files</Filter>
    </None>
    <None Include="img\player_front.png">
      <Filter>Resource Files</Filter>
    </None>
    <QtRcc Include="res.qrc">
      <Filter>Resource Files</Filter>
    </QtRcc>
    <None Include="img\unDestroyableBlock.png">
      <Filter>Resource Files</Filter>
    </None>
  </ItemGroup>
</Project>