<?xml version="1.0" encoding="utf-8"?>
<Project ToolsVersion="4.0" xmlns="http://schemas.microsoft.com/developer/msbuild/2003">
  <ItemGroup>
    <Filter Include="Source Files">
      <UniqueIdentifier>{4FC737F1-C7A5-4376-A066-2A32D752A2FF}</UniqueIdentifier>
      <Extensions>cpp;c;cc;cxx;c++;cppm;ixx;def;odl;idl;hpj;bat;asm;asmx</Extensions>
    </Filter>
    <Filter Include="Header Files">
      <UniqueIdentifier>{93995380-89BD-4b04-88EB-625FBE52EBFB}</UniqueIdentifier>
      <Extensions>h;hh;hpp;hxx;h++;hm;inl;inc;ipp;xsd</Extensions>
    </Filter>
    <Filter Include="Resource Files">
      <UniqueIdentifier>{67DA6AB6-F800-4c08-8B7A-83BB121AAD01}</UniqueIdentifier>
      <Extensions>rc;ico;cur;bmp;dlg;rc2;rct;bin;rgs;gif;jpg;jpeg;jpe;resx;tiff;tif;png;wav;mfcribbon-ms</Extensions>
    </Filter>
    <Filter Include="Header Files\Users">
      <UniqueIdentifier>{0a875377-15c4-4a2a-834d-d2fe8477455c}</UniqueIdentifier>
    </Filter>
    <Filter Include="Source Files\Users">
      <UniqueIdentifier>{970e8a7c-48a8-4840-8924-6b5d85b2b752}</UniqueIdentifier>
    </Filter>
    <Filter Include="Header Files\SQL">
      <UniqueIdentifier>{2a4324a8-f591-4762-a79b-7b5b6eb6fe58}</UniqueIdentifier>
    </Filter>
    <Filter Include="Source Files\SQL">
      <UniqueIdentifier>{b8f2423b-afaa-444a-8720-d24becc74cdb}</UniqueIdentifier>
    </Filter>
    <Filter Include="Header Files\Server">
      <UniqueIdentifier>{4cbde438-77c4-434e-befd-85ce56ac441b}</UniqueIdentifier>
    </Filter>
    <Filter Include="Source Files\Server">
      <UniqueIdentifier>{13549a20-83c1-481a-9c7c-5056f7af939d}</UniqueIdentifier>
    </Filter>
    <Filter Include="Header Files\Hash">
      <UniqueIdentifier>{0886116f-a220-46e1-9f56-20c07b083bdb}</UniqueIdentifier>
    </Filter>
    <Filter Include="Source Files\Hash">
      <UniqueIdentifier>{ce99b574-7ca4-43fd-aaed-6b15e2f69851}</UniqueIdentifier>
    </Filter>
  </ItemGroup>
  <ItemGroup>
    <ClInclude Include="Parser.h">
      <Filter>Header Files</Filter>
    </ClInclude>
    <ClInclude Include="Admin.h">
      <Filter>Header Files\Users</Filter>
    </ClInclude>
    <ClInclude Include="FactoryUser.h">
      <Filter>Header Files\Users</Filter>
    </ClInclude>
    <ClInclude Include="IUser.h">
      <Filter>Header Files\Users</Filter>
    </ClInclude>
    <ClInclude Include="User.h">
      <Filter>Header Files\Users</Filter>
    </ClInclude>
    <ClInclude Include="Query.h">
      <Filter>Header Files\SQL</Filter>
    </ClInclude>
    <ClInclude Include="SQLManager.h">
      <Filter>Header Files\SQL</Filter>
    </ClInclude>
    <ClInclude Include="TrustedTime.h">
      <Filter>Header Files</Filter>
    </ClInclude>
    <ClInclude Include="FunctionCode.h">
      <Filter>Header Files\Server</Filter>
    </ClInclude>
    <ClInclude Include="Server.h">
      <Filter>Header Files\Server</Filter>
    </ClInclude>
    <ClInclude Include="Protocol.h">
      <Filter>Header Files\Server</Filter>
    </ClInclude>
    <ClInclude Include="PswdHash.h">
      <Filter>Header Files\Hash</Filter>
    </ClInclude>
  </ItemGroup>
  <ItemGroup>
    <ClCompile Include="Parser.cpp">
      <Filter>Source Files</Filter>
    </ClCompile>
    <ClCompile Include="Admin.cpp">
      <Filter>Source Files\Users</Filter>
    </ClCompile>
    <ClCompile Include="FactoryUser.cpp">
      <Filter>Source Files\Users</Filter>
    </ClCompile>
    <ClCompile Include="User.cpp">
      <Filter>Source Files\Users</Filter>
    </ClCompile>
    <ClCompile Include="Query.cpp">
      <Filter>Source Files\SQL</Filter>
    </ClCompile>
    <ClCompile Include="SQLManager.cpp">
      <Filter>Source Files\SQL</Filter>
    </ClCompile>
    <ClCompile Include="TrustedTime.cpp">
      <Filter>Source Files</Filter>
    </ClCompile>
    <ClCompile Include="Server.cpp">
      <Filter>Source Files\Server</Filter>
    </ClCompile>
    <ClCompile Include="Protocol.cpp">
      <Filter>Source Files\Server</Filter>
    </ClCompile>
    <ClCompile Include="Source.cpp">
      <Filter>Source Files</Filter>
    </ClCompile>
    <ClCompile Include="PswdHash.cpp">
      <Filter>Source Files\Hash</Filter>
    </ClCompile>
  </ItemGroup>
</Project>