<?xml version="1.0" encoding="utf-8"?>
<Project ToolsVersion="4.0" xmlns="http://schemas.microsoft.com/developer/msbuild/2003">
  <ItemGroup>
    <Filter Include="Source Files">
      <UniqueIdentifier>{4FC737F1-C7A5-4376-A066-2A32D752A2FF}</UniqueIdentifier>
      <Extensions>cpp;c;cc;cxx;c++;cppm;ixx;def;odl;idl;hpj;bat;asm;asmx</Extensions>
    </Filter>
    <Filter Include="Header Files">
      <UniqueIdentifier>{93995380-89BD-4b04-88EB-625FBE52EBFB}</UniqueIdentifier>
      <Extensions>h;hh;hpp;hxx;h++;hm;inl;inc;ipp;xsd</Extensions>
    </Filter>
    <Filter Include="Resource Files">
      <UniqueIdentifier>{67DA6AB6-F800-4c08-8B7A-83BB121AAD01}</UniqueIdentifier>
      <Extensions>rc;ico;cur;bmp;dlg;rc2;rct;bin;rgs;gif;jpg;jpeg;jpe;resx;tiff;tif;png;wav;mfcribbon-ms</Extensions>
    </Filter>
    <Filter Include="Header Files\Utilities">
      <UniqueIdentifier>{c544888e-3cf5-4705-aa96-6b0ac8bfcc1c}</UniqueIdentifier>
    </Filter>
    <Filter Include="Source Files\Utilities">
      <UniqueIdentifier>{1fc46bbc-f24a-486b-98a9-546d4dba830c}</UniqueIdentifier>
    </Filter>
    <Filter Include="Header Files\Exception">
      <UniqueIdentifier>{ae021d82-2ab5-4b3e-9dcc-7a50896774f6}</UniqueIdentifier>
    </Filter>
    <Filter Include="Source Files\Exception">
      <UniqueIdentifier>{1729c804-454f-4859-be70-f966bbe6893d}</UniqueIdentifier>
    </Filter>
    <Filter Include="Header Files\Network">
      <UniqueIdentifier>{cd4134fb-61dc-4abf-9282-314cea1a968f}</UniqueIdentifier>
    </Filter>
    <Filter Include="Source Files\Network">
      <UniqueIdentifier>{7a04cd7f-66c5-4419-91c9-3abeb60bb8dc}</UniqueIdentifier>
    </Filter>
    <Filter Include="Header Files\Utilities-Game">
      <UniqueIdentifier>{643bc4c3-4a3a-49f5-9129-0788c4d79db1}</UniqueIdentifier>
    </Filter>
    <Filter Include="Source Files\Utilities-Game">
      <UniqueIdentifier>{2426ac95-ff77-4f24-b7b5-8b3613e0073d}</UniqueIdentifier>
    </Filter>
    <Filter Include="Header Files\User">
      <UniqueIdentifier>{5baacb4f-582b-4ad5-93bd-c111b645c65a}</UniqueIdentifier>
    </Filter>
    <Filter Include="Source Files\User">
      <UniqueIdentifier>{2f0b0c10-d9bd-4156-803c-209c5d47296b}</UniqueIdentifier>
    </Filter>
    <Filter Include="Header Files\Client">
      <UniqueIdentifier>{05bd3316-998e-4f38-9225-a48476e36b27}</UniqueIdentifier>
    </Filter>
    <Filter Include="Source Files\Client">
      <UniqueIdentifier>{5487e3ef-87e9-4044-ae45-132e4f2093b1}</UniqueIdentifier>
    </Filter>
  </ItemGroup>
  <ItemGroup>
    <ClInclude Include="CGenerator.h">
      <Filter>Header Files\Utilities</Filter>
    </ClInclude>
    <ClInclude Include="CEnumConverter.h">
      <Filter>Header Files\Utilities</Filter>
    </ClInclude>
    <ClInclude Include="CLogFile.h">
      <Filter>Header Files\Utilities</Filter>
    </ClInclude>
    <ClInclude Include="CLogger.h">
      <Filter>Header Files\Utilities</Filter>
    </ClInclude>
    <ClInclude Include="CUtils.h">
      <Filter>Header Files\Utilities</Filter>
    </ClInclude>
    <ClInclude Include="ColidableTile.h">
      <Filter>Header Files\Utilities-Game</Filter>
    </ClInclude>
    <ClInclude Include="Direction.h">
      <Filter>Header Files\Utilities-Game</Filter>
    </ClInclude>
    <ClInclude Include="FrameDetails.h">
      <Filter>Header Files\Utilities-Game</Filter>
    </ClInclude>
    <ClInclude Include="GameObject.h">
      <Filter>Header Files\Utilities-Game</Filter>
    </ClInclude>
    <ClInclude Include="TileLayer.h">
      <Filter>Header Files\Utilities-Game</Filter>
    </ClInclude>
    <ClInclude Include="Timer.h">
      <Filter>Header Files\Utilities-Game</Filter>
    </ClInclude>
    <ClInclude Include="CClientException.h">
      <Filter>Header Files\Exception</Filter>
    </ClInclude>
    <ClInclude Include="CException.h">
      <Filter>Header Files\Exception</Filter>
    </ClInclude>
    <ClInclude Include="CMiscException.h">
      <Filter>Header Files\Exception</Filter>
    </ClInclude>
    <ClInclude Include="CServerException.h">
      <Filter>Header Files\Exception</Filter>
    </ClInclude>
    <ClInclude Include="Exceptions.h">
      <Filter>Header Files\Exception</Filter>
    </ClInclude>
    <ClInclude Include="IException.h">
      <Filter>Header Files\Exception</Filter>
    </ClInclude>
    <ClInclude Include="CConnection.h">
      <Filter>Header Files\Network</Filter>
    </ClInclude>
    <ClInclude Include="Config.h">
      <Filter>Header Files\Network</Filter>
    </ClInclude>
    <ClInclude Include="CProtocol.h">
      <Filter>Header Files\Network</Filter>
    </ClInclude>
    <ClInclude Include="CRequest.h">
      <Filter>Header Files\Network</Filter>
    </ClInclude>
    <ClInclude Include="CResponse.h">
      <Filter>Header Files\Network</Filter>
    </ClInclude>
    <ClInclude Include="CSocketPacket.h">
      <Filter>Header Files\Network</Filter>
    </ClInclude>
    <ClInclude Include="CUser.h">
      <Filter>Header Files\User</Filter>
    </ClInclude>
    <ClInclude Include="Utilities.h">
      <Filter>Header Files\Utilities-Game</Filter>
    </ClInclude>
    <ClInclude Include="NonCopyable.h">
      <Filter>Header Files\Utilities-Game</Filter>
    </ClInclude>
    <ClInclude Include="Texture.h">
      <Filter>Header Files\Utilities-Game</Filter>
    </ClInclude>
    <ClInclude Include="PlayerControllerType.h">
      <Filter>Header Files\Utilities-Game</Filter>
    </ClInclude>
    <ClInclude Include="Player.h">
      <Filter>Header Files\Utilities-Game</Filter>
    </ClInclude>
    <ClInclude Include="Box.h">
      <Filter>Header Files\Utilities-Game</Filter>
    </ClInclude>
    <ClInclude Include="Packet.hpp">
      <Filter>Header Files\Utilities-Game</Filter>
    </ClInclude>
    <ClInclude Include="ServerMessageType.h">
      <Filter>Header Files\Utilities-Game</Filter>
    </ClInclude>
    <ClInclude Include="ServerMessages.h">
      <Filter>Header Files\Utilities-Game</Filter>
    </ClInclude>
    <ClInclude Include="Resources.h">
      <Filter>Header Files\Utilities-Game</Filter>
    </ClInclude>
    <ClInclude Include="AnimatedSprite.h">
      <Filter>Header Files\Client</Filter>
    </ClInclude>
    <ClInclude Include="PlayerClient.h">
      <Filter>Header Files\Client</Filter>
    </ClInclude>
    <ClInclude Include="NetworkHandler.h">
      <Filter>Header Files\Client</Filter>
    </ClInclude>
    <ClInclude Include="GameObjectClient.h">
      <Filter>Header Files\Client</Filter>
    </ClInclude>
    <ClInclude Include="Level.h">
      <Filter>Header Files\Client</Filter>
    </ClInclude>
  </ItemGroup>
  <ItemGroup>
    <ClCompile Include="Timer.cpp">
      <Filter>Source Files\Utilities-Game</Filter>
    </ClCompile>
    <ClCompile Include="CClientException.cpp">
      <Filter>Source Files\Exception</Filter>
    </ClCompile>
    <ClCompile Include="CException.cpp">
      <Filter>Source Files\Exception</Filter>
    </ClCompile>
    <ClCompile Include="CMiscException.cpp">
      <Filter>Source Files\Exception</Filter>
    </ClCompile>
    <ClCompile Include="CServerException.cpp">
      <Filter>Source Files\Exception</Filter>
    </ClCompile>
    <ClCompile Include="CProtocol.cpp">
      <Filter>Source Files\Network</Filter>
    </ClCompile>
    <ClCompile Include="CRequest.cpp">
      <Filter>Source Files\Network</Filter>
    </ClCompile>
    <ClCompile Include="CResponse.cpp">
      <Filter>Source Files\Network</Filter>
    </ClCompile>
    <ClCompile Include="CSocketPacket.cpp">
      <Filter>Source Files\Network</Filter>
    </ClCompile>
    <ClCompile Include="CUser.cpp">
      <Filter>Source Files\User</Filter>
    </ClCompile>
    <ClCompile Include="CGenerator.cpp">
      <Filter>Source Files\Utilities</Filter>
    </ClCompile>
    <ClCompile Include="CLogFile.cpp">
      <Filter>Source Files\Utilities</Filter>
    </ClCompile>
    <ClCompile Include="CLogger.cpp">
      <Filter>Source Files\Utilities</Filter>
    </ClCompile>
    <ClCompile Include="CUtils.cpp">
      <Filter>Source Files\Utilities</Filter>
    </ClCompile>
    <ClCompile Include="GameObject.cpp">
      <Filter>Source Files\Utilities-Game</Filter>
    </ClCompile>
    <ClCompile Include="Utilities.cpp">
      <Filter>Source Files\Utilities-Game</Filter>
    </ClCompile>
    <ClCompile Include="Texture.cpp">
      <Filter>Source Files\Utilities-Game</Filter>
    </ClCompile>
    <ClCompile Include="Player.cpp">
      <Filter>Source Files\Utilities-Game</Filter>
    </ClCompile>
    <ClCompile Include="Box.cpp">
      <Filter>Source Files\Utilities-Game</Filter>
    </ClCompile>
    <ClCompile Include="Packet.cpp">
      <Filter>Source Files\Utilities-Game</Filter>
    </ClCompile>
    <ClCompile Include="Resources.cpp">
      <Filter>Source Files\Utilities-Game</Filter>
    </ClCompile>
    <ClCompile Include="AnimatedSprite.cpp">
      <Filter>Source Files\Client</Filter>
    </ClCompile>
    <ClCompile Include="PlayerClient.cpp">
      <Filter>Source Files\Client</Filter>
    </ClCompile>
    <ClCompile Include="NetworkHandler.cpp">
      <Filter>Source Files\Client</Filter>
    </ClCompile>
    <ClCompile Include="GameObjectClient.cpp">
      <Filter>Source Files\Client</Filter>
    </ClCompile>
    <ClCompile Include="Level.cpp">
      <Filter>Source Files\Client</Filter>
    </ClCompile>
  </ItemGroup>
  <ItemGroup>
    <None Include="ClassDiagram.cd" />
  </ItemGroup>
</Project>