<?xml version="1.0" encoding="utf-8"?>
<Project xmlns="http://schemas.microsoft.com/developer/msbuild/2003">
  <ItemGroup>
    <Filter Include="Form Files">
      <UniqueIdentifier>{99349809-55BA-4b9d-BF79-8FDBB0286EB3}</UniqueIdentifier>
      <Extensions>ui</Extensions>
      <ParseFiles>false</ParseFiles>
    </Filter>
    <Filter Include="Form Files">
      <UniqueIdentifier>{99349809-55BA-4b9d-BF79-8FDBB0286EB3}</UniqueIdentifier>
      <Extensions>ui</Extensions>
      <ParseFiles>false</ParseFiles>
    </Filter>
    <Filter Include="Generated Files">
      <UniqueIdentifier>{71ED8ED8-ACB9-4CE9-BBE1-E00B30144E11}</UniqueIdentifier>
      <Extensions>cpp;c;cxx;moc;h;def;odl;idl;res;</Extensions>
    </Filter>
    <Filter Include="Generated Files">
      <UniqueIdentifier>{71ED8ED8-ACB9-4CE9-BBE1-E00B30144E11}</UniqueIdentifier>
      <Extensions>cpp;c;cxx;moc;h;def;odl;idl;res;</Extensions>
    </Filter>
    <Filter Include="Header Files">
      <UniqueIdentifier>{93995380-89BD-4b04-88EB-625FBE52EBFB}</UniqueIdentifier>
      <Extensions>h;hpp;hxx;hm;inl;inc;xsd</Extensions>
    </Filter>
    <Filter Include="Header Files">
      <UniqueIdentifier>{93995380-89BD-4b04-88EB-625FBE52EBFB}</UniqueIdentifier>
      <Extensions>h;hpp;hxx;hm;inl;inc;xsd</Extensions>
    </Filter>
    <Filter Include="Resource Files">
      <UniqueIdentifier>{D9D6E242-F8AF-46E4-B9FD-80ECBC20BA3E}</UniqueIdentifier>
      <Extensions>qrc;*</Extensions>
      <ParseFiles>false</ParseFiles>
    </Filter>
    <Filter Include="Resource Files">
      <UniqueIdentifier>{D9D6E242-F8AF-46E4-B9FD-80ECBC20BA3E}</UniqueIdentifier>
      <Extensions>qrc;*</Extensions>
      <ParseFiles>false</ParseFiles>
    </Filter>
    <Filter Include="Source Files">
      <UniqueIdentifier>{4FC737F1-C7A5-4376-A066-2A32D752A2FF}</UniqueIdentifier>
      <Extensions>cpp;c;cxx;def;odl;idl;hpj;bat;asm;asmx</Extensions>
    </Filter>
    <Filter Include="Source Files">
      <UniqueIdentifier>{4FC737F1-C7A5-4376-A066-2A32D752A2FF}</UniqueIdentifier>
      <Extensions>cpp;c;cxx;def;odl;idl;hpj;bat;asm;asmx</Extensions>
    </Filter>
    <Filter Include="Header Files\Users">
      <UniqueIdentifier>{f049f5a2-1e7e-4e26-b54c-f40b66491024}</UniqueIdentifier>
    </Filter>
    <Filter Include="Source Files\Users">
      <UniqueIdentifier>{fc1fb14b-7066-4275-9e19-b3ad1f3366b3}</UniqueIdentifier>
    </Filter>
  </ItemGroup>
  <ItemGroup>
    <ClCompile Include="bomb.cpp">
      <Filter>Source Files</Filter>
    </ClCompile>
    <ClCompile Include="bomberman_dialog.cpp">
      <Filter>Source Files</Filter>
    </ClCompile>
    <ClCompile Include="bombpowerup.cpp">
      <Filter>Source Files</Filter>
    </ClCompile>
    <ClCompile Include="destroyableblock.cpp">
      <Filter>Source Files</Filter>
    </ClCompile>
    <ClCompile Include="explosion.cpp">
      <Filter>Source Files</Filter>
    </ClCompile>
    <ClCompile Include="explosionpowerup.cpp">
      <Filter>Source Files</Filter>
    </ClCompile>
    <ClCompile Include="field.cpp">
      <Filter>Source Files</Filter>
    </ClCompile>
    <ClCompile Include="healthpowerup.cpp">
      <Filter>Source Files</Filter>
    </ClCompile>
    <ClCompile Include="main.cpp">
      <Filter>Source Files</Filter>
    </ClCompile>
    <ClCompile Include="player.cpp">
      <Filter>Source Files</Filter>
    </ClCompile>
    <ClCompile Include="playingground.cpp">
      <Filter>Source Files</Filter>
    </ClCompile>
    <ClCompile Include="registerwindow.cpp">
      <Filter>Source Files</Filter>
    </ClCompile>
    <ClCompile Include="showingplayers.cpp">
      <Filter>Source Files</Filter>
    </ClCompile>
    <ClCompile Include="undestroyableblock.cpp">
      <Filter>Source Files</Filter>
    </ClCompile>
    <ClCompile Include="Client.cpp">
      <Filter>Source Files</Filter>
    </ClCompile>
    <ClCompile Include="MODIFICA.cpp">
      <Filter>Source Files</Filter>
    </ClCompile>
    <ClCompile Include="Parser.cpp">
      <Filter>Source Files</Filter>
    </ClCompile>
    <ClCompile Include="User.cpp">
      <Filter>Source Files\Users</Filter>
    </ClCompile>
    <ClCompile Include="FactoryUser.cpp">
      <Filter>Source Files\Users</Filter>
    </ClCompile>
    <ClCompile Include="Admin.cpp">
      <Filter>Source Files\Users</Filter>
    </ClCompile>
  </ItemGroup>
  <ItemGroup>
    <ClInclude Include="block.h">
      <Filter>Header Files</Filter>
    </ClInclude>
    <QtMoc Include="bomb.h">
      <Filter>Header Files</Filter>
    </QtMoc>
    <QtMoc Include="bomberman_dialog.h">
      <Filter>Header Files</Filter>
    </QtMoc>
    <ClInclude Include="bombpowerup.h">
      <Filter>Header Files</Filter>
    </ClInclude>
    <ClInclude Include="destroyableblock.h">
      <Filter>Header Files</Filter>
    </ClInclude>
    <ClInclude Include="explosion.h">
      <Filter>Header Files</Filter>
    </ClInclude>
    <ClInclude Include="explosionpowerup.h">
      <Filter>Header Files</Filter>
    </ClInclude>
    <QtMoc Include="field.h">
      <Filter>Header Files</Filter>
    </QtMoc>
    <ClInclude Include="healthpowerup.h">
      <Filter>Header Files</Filter>
    </ClInclude>
    <QtMoc Include="player.h">
      <Filter>Header Files</Filter>
    </QtMoc>
    <QtMoc Include="playingground.h">
      <Filter>Header Files</Filter>
    </QtMoc>
    <ClInclude Include="powerup.h">
      <Filter>Header Files</Filter>
    </ClInclude>
    <QtMoc Include="registerwindow.h">
      <Filter>Header Files</Filter>
    </QtMoc>
    <ClInclude Include="settings.h">
      <Filter>Header Files</Filter>
    </ClInclude>
    <QtMoc Include="showingplayers.h">
      <Filter>Header Files</Filter>
    </QtMoc>
    <ClInclude Include="undestroyableblock.h">
      <Filter>Header Files</Filter>
    </ClInclude>
    <ClInclude Include="Client.h">
      <Filter>Header Files</Filter>
    </ClInclude>
    <ClInclude Include="Parser.h">
      <Filter>Header Files</Filter>
    </ClInclude>
    <ClInclude Include="User.h">
      <Filter>Header Files\Users</Filter>
    </ClInclude>
    <ClInclude Include="IUser.h">
      <Filter>Header Files\Users</Filter>
    </ClInclude>
    <ClInclude Include="FactoryUser.h">
      <Filter>Header Files\Users</Filter>
    </ClInclude>
    <ClInclude Include="Admin.h">
      <Filter>Header Files\Users</Filter>
    </ClInclude>
  </ItemGroup>
  <ItemGroup>
    <CustomBuild Include="debug\moc_predefs.h.cbt">
      <Filter>Generated Files</Filter>
    </CustomBuild>
    <CustomBuild Include="release\moc_predefs.h.cbt">
      <Filter>Generated Files</Filter>
    </CustomBuild>
  </ItemGroup>
  <ItemGroup>
    <QtUic Include="bomberman_dialog.ui">
      <Filter>Form Files</Filter>
    </QtUic>
    <QtUic Include="registerwindow.ui">
      <Filter>Form Files</Filter>
    </QtUic>
    <QtUic Include="showingplayers.ui">
      <Filter>Form Files</Filter>
    </QtUic>
  </ItemGroup>
  <ItemGroup>
    <None Include="img\Bomb.jpg">
      <Filter>Resource Files</Filter>
    </None>
    <None Include="img\Bomberman Title.jpg">
      <Filter>Resource Files</Filter>
    </None>
    <QtRcc Include="Resurse.qrc">
      <Filter>Resource Files</Filter>
    </QtRcc>
    <None Include="img\bomb.png">
      <Filter>Resource Files</Filter>
    </None>
    <None Include="img\bombPowerUp.png">
      <Filter>Resource Files</Filter>
    </None>
    <None Include="img\destroyableBlock.png">
      <Filter>Resource Files</Filter>
    </None>
    <None Include="img\explosionPowerUp.png">
      <Filter>Resource Files</Filter>
    </None>
    <None Include="img\field.png">
      <Filter>Resource Files</Filter>
    </None>
    <None Include="img\fire.png">
      <Filter>Resource Files</Filter>
    </None>
    <None Include="img\healthPowerUp.png">
      <Filter>Resource Files</Filter>
    </None>
    <None Include="img\icon.png">
      <Filter>Resource Files</Filter>
    </None>
    <None Include="img\icon2.jpg">
      <Filter>Resource Files</Filter>
    </None>
    <None Include="img\icon_for_buttons.jpg">
      <Filter>Resource Files</Filter>
    </None>
    <None Include="img\login.png">
      <Filter>Resource Files</Filter>
    </None>
    <None Include="img\map.png">
      <Filter>Resource Files</Filter>
    </None>
    <None Include="img\map2.png">
      <Filter>Resource Files</Filter>
    </None>
    <None Include="img\plain color 2.png">
      <Filter>Resource Files</Filter>
    </None>
    <None Include="img\plain color.jpg">
      <Filter>Resource Files</Filter>
    </None>
    <None Include="img\player_front.png">
      <Filter>Resource Files</Filter>
    </None>
    <None Include="img\signup.png">
      <Filter>Resource Files</Filter>
    </None>
    <None Include="img\title.jpg">
      <Filter>Resource Files</Filter>
    </None>
    <None Include="img\unDestroyableBlock.png">
      <Filter>Resource Files</Filter>
    </None>
  </ItemGroup>
</Project>